# THIS IS AN AUTOGENERATED FILE. DO NOT EDIT THIS FILE DIRECTLY.
# yarn lockfile v1


"@types/devexpress-web@^192.3.0":
  version "192.3.0"
  resolved "https://registry.yarnpkg.com/@types/devexpress-web/-/devexpress-web-192.3.0.tgz#e5503700f2683ed6b5b8b62dbfd4687cfbaa11cd"
  integrity sha512-wyLFWzQMviR5UhJfqwgxiRTG5SYdGq16M4EnCZ3JUf4o0y8km0JUa9CxpsZ8Wbef68Q1ME9ErIlqTHyPpwU2Dg==
  dependencies:
    "@types/jquery" "*"
    "@types/knockout" "*"

"@types/jquery@*":
  version "3.5.0"
  resolved "https://registry.yarnpkg.com/@types/jquery/-/jquery-3.5.0.tgz#ccb7dfd317d02d4227dd3803c75297d0c10dad68"
  integrity sha512-C7qQUjpMWDUNYQRTXsP5nbYYwCwwgy84yPgoTT7fPN69NH92wLeCtFaMsWeolJD1AF/6uQw3pYt62rzv83sMmw==
  dependencies:
    "@types/sizzle" "*"

"@types/knockout@*":
  version "3.4.67"
  resolved "https://registry.yarnpkg.com/@types/knockout/-/knockout-3.4.67.tgz#44d219b66d165397e747d24baf795f007a11ecbb"
  integrity sha512-VYg5VcZecApmAILpSsTtD0UUAHUIGWi7/um9WQjbk/ajPWinGZAKkH9U8zbFmvdxfafFGvcRm655XRm6vc6hoQ==

"@types/sizzle@*":
  version "2.3.2"
  resolved "https://registry.yarnpkg.com/@types/sizzle/-/sizzle-2.3.2.tgz#a811b8c18e2babab7d542b3365887ae2e4d9de47"
  integrity sha512-7EJYyKTL7tFR8+gDbB6Wwz/arpGa0Mywk1TJbNzKzHtzbwVmY4HR9WqS5VV7dsBUKQmPNr192jHr/VpBluj/hg==

knockout@^3.5.1:
  version "3.5.1"
  resolved "https://registry.yarnpkg.com/knockout/-/knockout-3.5.1.tgz#62c81e81843bea2008fd23c575edd9ca978e75cf"
  integrity sha512-wRJ9I4az0QcsH7A4v4l0enUpkS++MBx0BnL/68KaLzJg7x1qmbjSlwEoCNol7KTYZ+pmtI7Eh2J0Nu6/2Z5J/Q==

typescript@^3.9.7:
  version "3.9.7"
  resolved "https://registry.yarnpkg.com/typescript/-/typescript-3.9.7.tgz#98d600a5ebdc38f40cb277522f12dc800e9e25fa"
  integrity sha512-BLbiRkiBzAwsjut4x/dsibSTB6yWpwT5qWmC2OfuCg3GgVQCSgMs4vEctYPhsaGtd0AeuuHMkjZ2h2WG8MSzRw==
